
Microsoft Visual Studio Solution File, Format Version 12.00
# Visual Studio 15
VisualStudioVersion = 15.0.27130.2010
MinimumVisualStudioVersion = 10.0.40219.1
Project("{FAE04EC0-301F-11D3-BF4B-00C04F79EFBC}") = "HijackMethod", "ConsoleApp1\HijackMethod.csproj", "{9432B7E6-3786-44EA-AE4F-D42B054BA0B8}"
EndProject
Global
	GlobalSection(SolutionConfigurationPlatforms) = preSolution
		Debug|Any CPU = Debug|Any CPU
		Release|Any CPU = Release|Any CPU
	EndGlobalSection
	GlobalSection(ProjectConfigurationPlatforms) = postSolution
		{9432B7E6-3786-44EA-AE4F-D42B054BA0B8}.Debug|Any CPU.ActiveCfg = Debug|Any CPU
		{9432B7E6-3786-44EA-AE4F-D42B054BA0B8}.Debug|Any CPU.Build.0 = Debug|Any CPU
		{9432B7E6-3786-44EA-AE4F-D42B054BA0B8}.Release|Any CPU.ActiveCfg = Release|Any CPU
		{9432B7E6-3786-44EA-AE4F-D42B054BA0B8}.Release|Any CPU.Build.0 = Release|Any CPU
	EndGlobalSection
	GlobalSection(SolutionProperties) = preSolution
		HideSolutionNode = FALSE
	EndGlobalSection
	GlobalSection(ExtensibilityGlobals) = postSolution
		SolutionGuid = {9EF14515-2601-4B20-B798-C66A70577A3B}
	EndGlobalSection
EndGlobal
